
Microsoft Visual Studio Solution File, Format Version 12.00
# Visual Studio Version 16
VisualStudioVersion = 16.0.28729.10
MinimumVisualStudioVersion = 10.0.40219.1
Project("{FAE04EC0-301F-11D3-BF4B-00C04F79EFBC}") = "QuizQuiz", "QuizQuiz\QuizQuiz.csproj", "{6898C260-9668-49E6-9776-9BE34C16D604}"
EndProject
Project("{FAE04EC0-301F-11D3-BF4B-00C04F79EFBC}") = "Quiz", "Quiz\Quiz.csproj", "{F62952F2-DD56-4F1C-AC77-356657BCB48F}"
EndProject
Project("{FAE04EC0-301F-11D3-BF4B-00C04F79EFBC}") = "QuizChallange", "QuizChallange\QuizChallange.csproj", "{EE3F7154-66DC-4CD3-82B6-CB18ADC0FB78}"
EndProject
Global
	GlobalSection(SolutionConfigurationPlatforms) = preSolution
		Debug|Any CPU = Debug|Any CPU
		Release|Any CPU = Release|Any CPU
	EndGlobalSection
	GlobalSection(ProjectConfigurationPlatforms) = postSolution
		{6898C260-9668-49E6-9776-9BE34C16D604}.Debug|Any CPU.ActiveCfg = Debug|Any CPU
		{6898C260-9668-49E6-9776-9BE34C16D604}.Debug|Any CPU.Build.0 = Debug|Any CPU
		{6898C260-9668-49E6-9776-9BE34C16D604}.Release|Any CPU.ActiveCfg = Release|Any CPU
		{6898C260-9668-49E6-9776-9BE34C16D604}.Release|Any CPU.Build.0 = Release|Any CPU
		{F62952F2-DD56-4F1C-AC77-356657BCB48F}.Debug|Any CPU.ActiveCfg = Debug|Any CPU
		{F62952F2-DD56-4F1C-AC77-356657BCB48F}.Debug|Any CPU.Build.0 = Debug|Any CPU
		{F62952F2-DD56-4F1C-AC77-356657BCB48F}.Release|Any CPU.ActiveCfg = Release|Any CPU
		{F62952F2-DD56-4F1C-AC77-356657BCB48F}.Release|Any CPU.Build.0 = Release|Any CPU
		{EE3F7154-66DC-4CD3-82B6-CB18ADC0FB78}.Debug|Any CPU.ActiveCfg = Debug|Any CPU
		{EE3F7154-66DC-4CD3-82B6-CB18ADC0FB78}.Debug|Any CPU.Build.0 = Debug|Any CPU
		{EE3F7154-66DC-4CD3-82B6-CB18ADC0FB78}.Release|Any CPU.ActiveCfg = Release|Any CPU
		{EE3F7154-66DC-4CD3-82B6-CB18ADC0FB78}.Release|Any CPU.Build.0 = Release|Any CPU
	EndGlobalSection
	GlobalSection(SolutionProperties) = preSolution
		HideSolutionNode = FALSE
	EndGlobalSection
	GlobalSection(ExtensibilityGlobals) = postSolution
		SolutionGuid = {FE43FFCA-4B8F-4FF8-8FA2-D4F718E7FC30}
	EndGlobalSection
EndGlobal
